
Microsoft Visual Studio Solution File, Format Version 12.00
# Visual Studio 15
VisualStudioVersion = 15.0.27428.2043
MinimumVisualStudioVersion = 10.0.40219.1
Project("{2150E333-8FDC-42A3-9474-1A3956D46DE8}") = "Creational", "Creational", "{BB1022BC-30BA-4DBC-A95B-AA6D2F19F4B2}"
	ProjectSection(SolutionItems) = preProject
		Readme.md = Readme.md
	EndProjectSection
EndProject
Project("{2150E333-8FDC-42A3-9474-1A3956D46DE8}") = "Structural", "Structural", "{F23FF5C9-9D9E-448B-A36F-09B2BAFA5C24}"
EndProject
Project("{2150E333-8FDC-42A3-9474-1A3956D46DE8}") = "Behavioral", "Behavioral", "{84CB0352-05B6-4EFD-A6CA-E190A8CB74B8}"
EndProject
Project("{FAE04EC0-301F-11D3-BF4B-00C04F79EFBC}") = "AbstractFactory", "AbstractFactory\AbstractFactory.csproj", "{D89CB6C4-8BC8-4B57-91BF-8D01A66F3873}"
EndProject
Global
	GlobalSection(SolutionConfigurationPlatforms) = preSolution
		Debug|Any CPU = Debug|Any CPU
		Release|Any CPU = Release|Any CPU
	EndGlobalSection
	GlobalSection(ProjectConfigurationPlatforms) = postSolution
		{D89CB6C4-8BC8-4B57-91BF-8D01A66F3873}.Debug|Any CPU.ActiveCfg = Debug|Any CPU
		{D89CB6C4-8BC8-4B57-91BF-8D01A66F3873}.Debug|Any CPU.Build.0 = Debug|Any CPU
		{D89CB6C4-8BC8-4B57-91BF-8D01A66F3873}.Release|Any CPU.ActiveCfg = Release|Any CPU
		{D89CB6C4-8BC8-4B57-91BF-8D01A66F3873}.Release|Any CPU.Build.0 = Release|Any CPU
	EndGlobalSection
	GlobalSection(SolutionProperties) = preSolution
		HideSolutionNode = FALSE
	EndGlobalSection
	GlobalSection(NestedProjects) = preSolution
		{D89CB6C4-8BC8-4B57-91BF-8D01A66F3873} = {BB1022BC-30BA-4DBC-A95B-AA6D2F19F4B2}
	EndGlobalSection
	GlobalSection(ExtensibilityGlobals) = postSolution
		SolutionGuid = {402E70FF-0833-4009-8915-962097C08092}
	EndGlobalSection
EndGlobal
