
Microsoft Visual Studio Solution File, Format Version 12.00
# Visual Studio 15
VisualStudioVersion = 15.0.27428.2043
MinimumVisualStudioVersion = 10.0.40219.1
Project("{FAE04EC0-301F-11D3-BF4B-00C04F79EFBC}") = "AbstractFactory", "Creational\AbstractFactory\AbstractFactory.csproj", "{D89CB6C4-8BC8-4B57-91BF-8D01A66F3873}"
EndProject
Global
	GlobalSection(SolutionConfigurationPlatforms) = preSolution
		Debug|Any CPU = Debug|Any CPU
		Release|Any CPU = Release|Any CPU
	EndGlobalSection
	GlobalSection(ProjectConfigurationPlatforms) = postSolution
		{D89CB6C4-8BC8-4B57-91BF-8D01A66F3873}.Debug|Any CPU.ActiveCfg = Debug|Any CPU
		{D89CB6C4-8BC8-4B57-91BF-8D01A66F3873}.Debug|Any CPU.Build.0 = Debug|Any CPU
		{D89CB6C4-8BC8-4B57-91BF-8D01A66F3873}.Release|Any CPU.ActiveCfg = Release|Any CPU
		{D89CB6C4-8BC8-4B57-91BF-8D01A66F3873}.Release|Any CPU.Build.0 = Release|Any CPU
	EndGlobalSection
	GlobalSection(SolutionProperties) = preSolution
		HideSolutionNode = FALSE
	EndGlobalSection
	GlobalSection(ExtensibilityGlobals) = postSolution
		SolutionGuid = {402E70FF-0833-4009-8915-962097C08092}
	EndGlobalSection
EndGlobal
